
Microsoft Visual Studio Solution File, Format Version 12.00
# Visual Studio Version 17
VisualStudioVersion = 17.10.35122.118
MinimumVisualStudioVersion = 10.0.40219.1
Project("{FAE04EC0-301F-11D3-BF4B-00C04F79EFBC}") = "QuocKhanh2_9", "QuocKhanh2_9\QuocKhanh2_9.csproj", "{0BDBFAFC-A123-4279-B1A0-5FE10A67A557}"
EndProject
Global
	GlobalSection(SolutionConfigurationPlatforms) = preSolution
		Debug|Any CPU = Debug|Any CPU
		Release|Any CPU = Release|Any CPU
	EndGlobalSection
	GlobalSection(ProjectConfigurationPlatforms) = postSolution
		{0BDBFAFC-A123-4279-B1A0-5FE10A67A557}.Debug|Any CPU.ActiveCfg = Debug|Any CPU
		{0BDBFAFC-A123-4279-B1A0-5FE10A67A557}.Debug|Any CPU.Build.0 = Debug|Any CPU
		{0BDBFAFC-A123-4279-B1A0-5FE10A67A557}.Release|Any CPU.ActiveCfg = Release|Any CPU
		{0BDBFAFC-A123-4279-B1A0-5FE10A67A557}.Release|Any CPU.Build.0 = Release|Any CPU
	EndGlobalSection
	GlobalSection(SolutionProperties) = preSolution
		HideSolutionNode = FALSE
	EndGlobalSection
	GlobalSection(ExtensibilityGlobals) = postSolution
		SolutionGuid = {295B77B9-795B-49D2-9D42-88E591B7FACE}
	EndGlobalSection
EndGlobal
